// !$*UTF8*$!
{
	archiveVersion = 1;
	classes = {
	};
	objectVersion = 50;
	objects = {

/* Begin PBXBuildFile section */
		142D2E4FB34FA80847313D15 /* Pods_AudioTime.framework in Frameworks */ = {isa = PBXBuildFile; fileRef = 049084A2CF42A8E73FC7999E /* Pods_AudioTime.framework */; };
		8F0D4C1A22C7BC2A00AE9AE7 /* AppDelegate.swift in Sources */ = {isa = PBXBuildFile; fileRef = 8F0D4C1922C7BC2A00AE9AE7 /* AppDelegate.swift */; };
		8F0D4C1C22C7BC2A00AE9AE7 /* ViewController.swift in Sources */ = {isa = PBXBuildFile; fileRef = 8F0D4C1B22C7BC2A00AE9AE7 /* ViewController.swift */; };
		8F0D4C1F22C7BC2A00AE9AE7 /* Main.storyboard in Resources */ = {isa = PBXBuildFile; fileRef = 8F0D4C1D22C7BC2A00AE9AE7 /* Main.storyboard */; };
		8F0D4C2122C7BC2A00AE9AE7 /* Assets.xcassets in Resources */ = {isa = PBXBuildFile; fileRef = 8F0D4C2022C7BC2A00AE9AE7 /* Assets.xcassets */; };
		8F0D4C2422C7BC2A00AE9AE7 /* LaunchScreen.storyboard in Resources */ = {isa = PBXBuildFile; fileRef = 8F0D4C2222C7BC2A00AE9AE7 /* LaunchScreen.storyboard */; };
		8F1060E922C93EF10042D11F /* times.swift in Sources */ = {isa = PBXBuildFile; fileRef = 8F1060E822C93EF10042D11F /* times.swift */; };
/* End PBXBuildFile section */

/* Begin PBXFileReference section */
		049084A2CF42A8E73FC7999E /* Pods_AudioTime.framework */ = {isa = PBXFileReference; explicitFileType = wrapper.framework; includeInIndex = 0; path = Pods_AudioTime.framework; sourceTree = BUILT_PRODUCTS_DIR; };
		16C041F45C92A7E80A16EA47 /* Pods-AudioTime.release.xcconfig */ = {isa = PBXFileReference; includeInIndex = 1; lastKnownFileType = text.xcconfig; name = "Pods-AudioTime.release.xcconfig"; path = "Target Support Files/Pods-AudioTime/Pods-AudioTime.release.xcconfig"; sourceTree = "<group>"; };
		8F0D4C1622C7BC2A00AE9AE7 /* AudioTime.app */ = {isa = PBXFileReference; explicitFileType = wrapper.application; includeInIndex = 0; path = AudioTime.app; sourceTree = BUILT_PRODUCTS_DIR; };
		8F0D4C1922C7BC2A00AE9AE7 /* AppDelegate.swift */ = {isa = PBXFileReference; lastKnownFileType = sourcecode.swift; path = AppDelegate.swift; sourceTree = "<group>"; };
		8F0D4C1B22C7BC2A00AE9AE7 /* ViewController.swift */ = {isa = PBXFileReference; lastKnownFileType = sourcecode.swift; path = ViewController.swift; sourceTree = "<group>"; };
		8F0D4C1E22C7BC2A00AE9AE7 /* Base */ = {isa = PBXFileReference; lastKnownFileType = file.storyboard; name = Base; path = Base.lproj/Main.storyboard; sourceTree = "<group>"; };
		8F0D4C2022C7BC2A00AE9AE7 /* Assets.xcassets */ = {isa = PBXFileReference; lastKnownFileType = folder.assetcatalog; path = Assets.xcassets; sourceTree = "<group>"; };
		8F0D4C2322C7BC2A00AE9AE7 /* Base */ = {isa = PBXFileReference; lastKnownFileType = file.storyboard; name = Base; path = Base.lproj/LaunchScreen.storyboard; sourceTree = "<group>"; };
		8F0D4C2522C7BC2A00AE9AE7 /* Info.plist */ = {isa = PBXFileReference; lastKnownFileType = text.plist.xml; path = Info.plist; sourceTree = "<group>"; };
		8F1060E822C93EF10042D11F /* times.swift */ = {isa = PBXFileReference; lastKnownFileType = sourcecode.swift; path = times.swift; sourceTree = "<group>"; };
		BA61FC4AA396E454BE86DA74 /* Pods-AudioTime.debug.xcconfig */ = {isa = PBXFileReference; includeInIndex = 1; lastKnownFileType = text.xcconfig; name = "Pods-AudioTime.debug.xcconfig"; path = "Target Support Files/Pods-AudioTime/Pods-AudioTime.debug.xcconfig"; sourceTree = "<group>"; };
/* End PBXFileReference section */

/* Begin PBXFrameworksBuildPhase section */
		8F0D4C1322C7BC2A00AE9AE7 /* Frameworks */ = {
			isa = PBXFrameworksBuildPhase;
			buildActionMask = 2147483647;
			files = (
				142D2E4FB34FA80847313D15 /* Pods_AudioTime.framework in Frameworks */,
			);
			runOnlyForDeploymentPostprocessing = 0;
		};
/* End PBXFrameworksBuildPhase section */

/* Begin PBXGroup section */
		8F0D4C0D22C7BC2A00AE9AE7 = {
			isa = PBXGroup;
			children = (
				8F0D4C1822C7BC2A00AE9AE7 /* AudioTime */,
				8F0D4C1722C7BC2A00AE9AE7 /* Products */,
				CF54627F87EA15FFCA88A3D5 /* Pods */,
				DBFE5B02AF1BDD4C4F352F24 /* Frameworks */,
			);
			sourceTree = "<group>";
		};
		8F0D4C1722C7BC2A00AE9AE7 /* Products */ = {
			isa = PBXGroup;
			children = (
				8F0D4C1622C7BC2A00AE9AE7 /* AudioTime.app */,
			);
			name = Products;
			sourceTree = "<group>";
		};
		8F0D4C1822C7BC2A00AE9AE7 /* AudioTime */ = {
			isa = PBXGroup;
			children = (
				8F0D4C1922C7BC2A00AE9AE7 /* AppDelegate.swift */,
				8F0D4C1B22C7BC2A00AE9AE7 /* ViewController.swift */,
				8F0D4C1D22C7BC2A00AE9AE7 /* Main.storyboard */,
				8F0D4C2022C7BC2A00AE9AE7 /* Assets.xcassets */,
				8F0D4C2222C7BC2A00AE9AE7 /* LaunchScreen.storyboard */,
				8F0D4C2522C7BC2A00AE9AE7 /* Info.plist */,
				8F1060E822C93EF10042D11F /* times.swift */,
			);
			path = AudioTime;
			sourceTree = "<group>";
		};
		CF54627F87EA15FFCA88A3D5 /* Pods */ = {
			isa = PBXGroup;
			children = (
				BA61FC4AA396E454BE86DA74 /* Pods-AudioTime.debug.xcconfig */,
				16C041F45C92A7E80A16EA47 /* Pods-AudioTime.release.xcconfig */,
			);
			path = Pods;
			sourceTree = "<group>";
		};
		DBFE5B02AF1BDD4C4F352F24 /* Frameworks */ = {
			isa = PBXGroup;
			children = (
				049084A2CF42A8E73FC7999E /* Pods_AudioTime.framework */,
			);
			name = Frameworks;
			sourceTree = "<group>";
		};
/* End PBXGroup section */

/* Begin PBXNativeTarget section */
		8F0D4C1522C7BC2A00AE9AE7 /* AudioTime */ = {
			isa = PBXNativeTarget;
			buildConfigurationList = 8F0D4C2822C7BC2A00AE9AE7 /* Build configuration list for PBXNativeTarget "AudioTime" */;
			buildPhases = (
				49B359FA4C81DBA52C2963B8 /* [CP] Check Pods Manifest.lock */,
				8F0D4C1222C7BC2A00AE9AE7 /* Sources */,
				8F0D4C1322C7BC2A00AE9AE7 /* Frameworks */,
				8F0D4C1422C7BC2A00AE9AE7 /* Resources */,
				DDFAAF3C351194D958294218 /* [CP] Embed Pods Frameworks */,
			);
			buildRules = (
			);
			dependencies = (
			);
			name = AudioTime;
			productName = AudioTime;
			productReference = 8F0D4C1622C7BC2A00AE9AE7 /* AudioTime.app */;
			productType = "com.apple.product-type.application";
		};
/* End PBXNativeTarget section */

/* Begin PBXProject section */
		8F0D4C0E22C7BC2A00AE9AE7 /* Project object */ = {
			isa = PBXProject;
			attributes = {
				LastSwiftUpdateCheck = 1010;
				LastUpgradeCheck = 1010;
				ORGANIZATIONNAME = "Mo Syed";
				TargetAttributes = {
					8F0D4C1522C7BC2A00AE9AE7 = {
						CreatedOnToolsVersion = 10.1;
					};
				};
			};
			buildConfigurationList = 8F0D4C1122C7BC2A00AE9AE7 /* Build configuration list for PBXProject "AudioTime" */;
			compatibilityVersion = "Xcode 9.3";
			developmentRegion = en;
			hasScannedForEncodings = 0;
			knownRegions = (
				en,
				Base,
			);
			mainGroup = 8F0D4C0D22C7BC2A00AE9AE7;
			productRefGroup = 8F0D4C1722C7BC2A00AE9AE7 /* Products */;
			projectDirPath = "";
			projectRoot = "";
			targets = (
				8F0D4C1522C7BC2A00AE9AE7 /* AudioTime */,
			);
		};
/* End PBXProject section */

/* Begin PBXResourcesBuildPhase section */
		8F0D4C1422C7BC2A00AE9AE7 /* Resources */ = {
			isa = PBXResourcesBuildPhase;
			buildActionMask = 2147483647;
			files = (
				8F0D4C2422C7BC2A00AE9AE7 /* LaunchScreen.storyboard in Resources */,
				8F0D4C2122C7BC2A00AE9AE7 /* Assets.xcassets in Resources */,
				8F0D4C1F22C7BC2A00AE9AE7 /* Main.storyboard in Resources */,
			);
			runOnlyForDeploymentPostprocessing = 0;
		};
/* End PBXResourcesBuildPhase section */

/* Begin PBXShellScriptBuildPhase section */
		49B359FA4C81DBA52C2963B8 /* [CP] Check Pods Manifest.lock */ = {
			isa = PBXShellScriptBuildPhase;
			buildActionMask = 2147483647;
			files = (
			);
			inputFileListPaths = (
			);
			inputPaths = (
				"${PODS_PODFILE_DIR_PATH}/Podfile.lock",
				"${PODS_ROOT}/Manifest.lock",
			);
			name = "[CP] Check Pods Manifest.lock";
			outputFileListPaths = (
			);
			outputPaths = (
				"$(DERIVED_FILE_DIR)/Pods-AudioTime-checkManifestLockResult.txt",
			);
			runOnlyForDeploymentPostprocessing = 0;
			shellPath = /bin/sh;
			shellScript = "diff \"${PODS_PODFILE_DIR_PATH}/Podfile.lock\" \"${PODS_ROOT}/Manifest.lock\" > /dev/null\nif [ $? != 0 ] ; then\n    # print error to STDERR\n    echo \"error: The sandbox is not in sync with the Podfile.lock. Run 'pod install' or update your CocoaPods installation.\" >&2\n    exit 1\nfi\n# This output is used by Xcode 'outputs' to avoid re-running this script phase.\necho \"SUCCESS\" > \"${SCRIPT_OUTPUT_FILE_0}\"\n";
			showEnvVarsInLog = 0;
		};
		DDFAAF3C351194D958294218 /* [CP] Embed Pods Frameworks */ = {
			isa = PBXShellScriptBuildPhase;
			buildActionMask = 2147483647;
			files = (
			);
			inputFileListPaths = (
			);
			inputPaths = (
				"${PODS_ROOT}/Target Support Files/Pods-AudioTime/Pods-AudioTime-frameworks.sh",
				"${BUILT_PRODUCTS_DIR}/Realm/Realm.framework",
				"${BUILT_PRODUCTS_DIR}/RealmSwift/RealmSwift.framework",
			);
			name = "[CP] Embed Pods Frameworks";
			outputFileListPaths = (
			);
			outputPaths = (
				"${TARGET_BUILD_DIR}/${FRAMEWORKS_FOLDER_PATH}/Realm.framework",
				"${TARGET_BUILD_DIR}/${FRAMEWORKS_FOLDER_PATH}/RealmSwift.framework",
			);
			runOnlyForDeploymentPostprocessing = 0;
			shellPath = /bin/sh;
			shellScript = "\"${PODS_ROOT}/Target Support Files/Pods-AudioTime/Pods-AudioTime-frameworks.sh\"\n";
			showEnvVarsInLog = 0;
		};
/* End PBXShellScriptBuildPhase section */

/* Begin PBXSourcesBuildPhase section */
		8F0D4C1222C7BC2A00AE9AE7 /* Sources */ = {
			isa = PBXSourcesBuildPhase;
			buildActionMask = 2147483647;
			files = (
				8F1060E922C93EF10042D11F /* times.swift in Sources */,
				8F0D4C1C22C7BC2A00AE9AE7 /* ViewController.swift in Sources */,
				8F0D4C1A22C7BC2A00AE9AE7 /* AppDelegate.swift in Sources */,
			);
			runOnlyForDeploymentPostprocessing = 0;
		};
/* End PBXSourcesBuildPhase section */

/* Begin PBXVariantGroup section */
		8F0D4C1D22C7BC2A00AE9AE7 /* Main.storyboard */ = {
			isa = PBXVariantGroup;
			children = (
				8F0D4C1E22C7BC2A00AE9AE7 /* Base */,
			);
			name = Main.storyboard;
			sourceTree = "<group>";
		};
		8F0D4C2222C7BC2A00AE9AE7 /* LaunchScreen.storyboard */ = {
			isa = PBXVariantGroup;
			children = (
				8F0D4C2322C7BC2A00AE9AE7 /* Base */,
			);
			name = LaunchScreen.storyboard;
			sourceTree = "<group>";
		};
/* End PBXVariantGroup section */

/* Begin XCBuildConfiguration section */
		8F0D4C2622C7BC2A00AE9AE7 /* Debug */ = {
			isa = XCBuildConfiguration;
			buildSettings = {
				ALWAYS_SEARCH_USER_PATHS = NO;
				CLANG_ANALYZER_NONNULL = YES;
				CLANG_ANALYZER_NUMBER_OBJECT_CONVERSION = YES_AGGRESSIVE;
				CLANG_CXX_LANGUAGE_STANDARD = "gnu++14";
				CLANG_CXX_LIBRARY = "libc++";
				CLANG_ENABLE_MODULES = YES;
				CLANG_ENABLE_OBJC_ARC = YES;
				CLANG_ENABLE_OBJC_WEAK = YES;
				CLANG_WARN_BLOCK_CAPTURE_AUTORELEASING = YES;
				CLANG_WARN_BOOL_CONVERSION = YES;
				CLANG_WARN_COMMA = YES;
				CLANG_WARN_CONSTANT_CONVERSION = YES;
				CLANG_WARN_DEPRECATED_OBJC_IMPLEMENTATIONS = YES;
				CLANG_WARN_DIRECT_OBJC_ISA_USAGE = YES_ERROR;
				CLANG_WARN_DOCUMENTATION_COMMENTS = YES;
				CLANG_WARN_EMPTY_BODY = YES;
				CLANG_WARN_ENUM_CONVERSION = YES;
				CLANG_WARN_INFINITE_RECURSION = YES;
				CLANG_WARN_INT_CONVERSION = YES;
				CLANG_WARN_NON_LITERAL_NULL_CONVERSION = YES;
				CLANG_WARN_OBJC_IMPLICIT_RETAIN_SELF = YES;
				CLANG_WARN_OBJC_LITERAL_CONVERSION = YES;
				CLANG_WARN_OBJC_ROOT_CLASS = YES_ERROR;
				CLANG_WARN_RANGE_LOOP_ANALYSIS = YES;
				CLANG_WARN_STRICT_PROTOTYPES = YES;
				CLANG_WARN_SUSPICIOUS_MOVE = YES;
				CLANG_WARN_UNGUARDED_AVAILABILITY = YES_AGGRESSIVE;
				CLANG_WARN_UNREACHABLE_CODE = YES;
				CLANG_WARN__DUPLICATE_METHOD_MATCH = YES;
				CODE_SIGN_IDENTITY = "iPhone Developer";
				COPY_PHASE_STRIP = NO;
				DEBUG_INFORMATION_FORMAT = dwarf;
				ENABLE_STRICT_OBJC_MSGSEND = YES;
				ENABLE_TESTABILITY = YES;
				GCC_C_LANGUAGE_STANDARD = gnu11;
				GCC_DYNAMIC_NO_PIC = NO;
				GCC_NO_COMMON_BLOCKS = YES;
				GCC_OPTIMIZATION_LEVEL = 0;
				GCC_PREPROCESSOR_DEFINITIONS = (
					"DEBUG=1",
					"$(inherited)",
				);
				GCC_WARN_64_TO_32_BIT_CONVERSION = YES;
				GCC_WARN_ABOUT_RETURN_TYPE = YES_ERROR;
				GCC_WARN_UNDECLARED_SELECTOR = YES;
				GCC_WARN_UNINITIALIZED_AUTOS = YES_AGGRESSIVE;
				GCC_WARN_UNUSED_FUNCTION = YES;
				GCC_WARN_UNUSED_VARIABLE = YES;
				IPHONEOS_DEPLOYMENT_TARGET = 12.1;
				MTL_ENABLE_DEBUG_INFO = INCLUDE_SOURCE;
				MTL_FAST_MATH = YES;
				ONLY_ACTIVE_ARCH = YES;
				SDKROOT = iphoneos;
				SWIFT_ACTIVE_COMPILATION_CONDITIONS = DEBUG;
				SWIFT_OPTIMIZATION_LEVEL = "-Onone";
			};
			name = Debug;
		};
		8F0D4C2722C7BC2A00AE9AE7 /* Release */ = {
			isa = XCBuildConfiguration;
			buildSettings = {
				ALWAYS_SEARCH_USER_PATHS = NO;
				CLANG_ANALYZER_NONNULL = YES;
				CLANG_ANALYZER_NUMBER_OBJECT_CONVERSION = YES_AGGRESSIVE;
				CLANG_CXX_LANGUAGE_STANDARD = "gnu++14";
				CLANG_CXX_LIBRARY = "libc++";
				CLANG_ENABLE_MODULES = YES;
				CLANG_ENABLE_OBJC_ARC = YES;
				CLANG_ENABLE_OBJC_WEAK = YES;
				CLANG_WARN_BLOCK_CAPTURE_AUTORELEASING = YES;
				CLANG_WARN_BOOL_CONVERSION = YES;
				CLANG_WARN_COMMA = YES;
				CLANG_WARN_CONSTANT_CONVERSION = YES;
				CLANG_WARN_DEPRECATED_OBJC_IMPLEMENTATIONS = YES;
				CLANG_WARN_DIRECT_OBJC_ISA_USAGE = YES_ERROR;
				CLANG_WARN_DOCUMENTATION_COMMENTS = YES;
				CLANG_WARN_EMPTY_BODY = YES;
				CLANG_WARN_ENUM_CONVERSION = YES;
				CLANG_WARN_INFINITE_RECURSION = YES;
				CLANG_WARN_INT_CONVERSION = YES;
				CLANG_WARN_NON_LITERAL_NULL_CONVERSION = YES;
				CLANG_WARN_OBJC_IMPLICIT_RETAIN_SELF = YES;
				CLANG_WARN_OBJC_LITERAL_CONVERSION = YES;
				CLANG_WARN_OBJC_ROOT_CLASS = YES_ERROR;
				CLANG_WARN_RANGE_LOOP_ANALYSIS = YES;
				CLANG_WARN_STRICT_PROTOTYPES = YES;
				CLANG_WARN_SUSPICIOUS_MOVE = YES;
				CLANG_WARN_UNGUARDED_AVAILABILITY = YES_AGGRESSIVE;
				CLANG_WARN_UNREACHABLE_CODE = YES;
				CLANG_WARN__DUPLICATE_METHOD_MATCH = YES;
				CODE_SIGN_IDENTITY = "iPhone Developer";
				COPY_PHASE_STRIP = NO;
				DEBUG_INFORMATION_FORMAT = "dwarf-with-dsym";
				ENABLE_NS_ASSERTIONS = NO;
				ENABLE_STRICT_OBJC_MSGSEND = YES;
				GCC_C_LANGUAGE_STANDARD = gnu11;
				GCC_NO_COMMON_BLOCKS = YES;
				GCC_WARN_64_TO_32_BIT_CONVERSION = YES;
				GCC_WARN_ABOUT_RETURN_TYPE = YES_ERROR;
				GCC_WARN_UNDECLARED_SELECTOR = YES;
				GCC_WARN_UNINITIALIZED_AUTOS = YES_AGGRESSIVE;
				GCC_WARN_UNUSED_FUNCTION = YES;
				GCC_WARN_UNUSED_VARIABLE = YES;
				IPHONEOS_DEPLOYMENT_TARGET = 12.1;
				MTL_ENABLE_DEBUG_INFO = NO;
				MTL_FAST_MATH = YES;
				SDKROOT = iphoneos;
				SWIFT_COMPILATION_MODE = wholemodule;
				SWIFT_OPTIMIZATION_LEVEL = "-O";
				VALIDATE_PRODUCT = YES;
			};
			name = Release;
		};
		8F0D4C2922C7BC2A00AE9AE7 /* Debug */ = {
			isa = XCBuildConfiguration;
			baseConfigurationReference = BA61FC4AA396E454BE86DA74 /* Pods-AudioTime.debug.xcconfig */;
			buildSettings = {
				ASSETCATALOG_COMPILER_APPICON_NAME = AppIcon;
				CODE_SIGN_STYLE = Automatic;
				DEVELOPMENT_TEAM = L5242Z7Y46;
				INFOPLIST_FILE = AudioTime/Info.plist;
				LD_RUNPATH_SEARCH_PATHS = (
					"$(inherited)",
					"@executable_path/Frameworks",
				);
				PRODUCT_BUNDLE_IDENTIFIER = projects.mmsyed.AudioTime;
				PRODUCT_NAME = "$(TARGET_NAME)";
				SWIFT_VERSION = 4.2;
				TARGETED_DEVICE_FAMILY = "1,2";
			};
			name = Debug;
		};
		8F0D4C2A22C7BC2A00AE9AE7 /* Release */ = {
			isa = XCBuildConfiguration;
			baseConfigurationReference = 16C041F45C92A7E80A16EA47 /* Pods-AudioTime.release.xcconfig */;
			buildSettings = {
				ASSETCATALOG_COMPILER_APPICON_NAME = AppIcon;
				CODE_SIGN_STYLE = Automatic;
				DEVELOPMENT_TEAM = L5242Z7Y46;
				INFOPLIST_FILE = AudioTime/Info.plist;
				LD_RUNPATH_SEARCH_PATHS = (
					"$(inherited)",
					"@executable_path/Frameworks",
				);
				PRODUCT_BUNDLE_IDENTIFIER = projects.mmsyed.AudioTime;
				PRODUCT_NAME = "$(TARGET_NAME)";
				SWIFT_VERSION = 4.2;
				TARGETED_DEVICE_FAMILY = "1,2";
			};
			name = Release;
		};
/* End XCBuildConfiguration section */

/* Begin XCConfigurationList section */
		8F0D4C1122C7BC2A00AE9AE7 /* Build configuration list for PBXProject "AudioTime" */ = {
			isa = XCConfigurationList;
			buildConfigurations = (
				8F0D4C2622C7BC2A00AE9AE7 /* Debug */,
				8F0D4C2722C7BC2A00AE9AE7 /* Release */,
			);
			defaultConfigurationIsVisible = 0;
			defaultConfigurationName = Release;
		};
		8F0D4C2822C7BC2A00AE9AE7 /* Build configuration list for PBXNativeTarget "AudioTime" */ = {
			isa = XCConfigurationList;
			buildConfigurations = (
				8F0D4C2922C7BC2A00AE9AE7 /* Debug */,
				8F0D4C2A22C7BC2A00AE9AE7 /* Release */,
			);
			defaultConfigurationIsVisible = 0;
			defaultConfigurationName = Release;
		};
/* End XCConfigurationList section */
	};
	rootObject = 8F0D4C0E22C7BC2A00AE9AE7 /* Project object */;
}
